
Microsoft Visual Studio Solution File, Format Version 12.00
# Visual Studio 2013
VisualStudioVersion = 12.0.30723.0
MinimumVisualStudioVersion = 10.0.40219.1
Project("{FAE04EC0-301F-11D3-BF4B-00C04F79EFBC}") = "BWF.Library", "BWF.Library\BWF.Library.csproj", "{31BDC170-4D0B-44D8-8886-F88FB3811E41}"
EndProject
Project("{2150E333-8FDC-42A3-9474-1A3956D46DE8}") = "01 UI", "01 UI", "{D0541948-4A04-4200-BA3B-1C416C045AE7}"
EndProject
Project("{2150E333-8FDC-42A3-9474-1A3956D46DE8}") = "02 - Server", "02 - Server", "{3ED5665F-1D8D-4A20-9F2A-99F7641C108A}"
EndProject
Project("{FAE04EC0-301F-11D3-BF4B-00C04F79EFBC}") = "BWF.Interface", "BWF.Interface\BWF.Interface.csproj", "{8EE28AC2-3D46-48FF-B923-DEB967037305}"
EndProject
Project("{FAE04EC0-301F-11D3-BF4B-00C04F79EFBC}") = "BWF.Dao", "BWF.Dao\BWF.Dao.csproj", "{BDACF555-E3C1-446F-8D88-DFD667A807E2}"
EndProject
Project("{FAE04EC0-301F-11D3-BF4B-00C04F79EFBC}") = "BWF.Service", "BWF.Service\BWF.Service.csproj", "{F038F174-CEBE-41B8-B6BC-EB89CF06FF5C}"
EndProject
Project("{FAE04EC0-301F-11D3-BF4B-00C04F79EFBC}") = "BWF.WebApplication", "BWF.WebApplication\BWF.WebApplication.csproj", "{0588FCCC-6872-4419-99BE-5EA0BE4AF6B8}"
EndProject
Global
	GlobalSection(SolutionConfigurationPlatforms) = preSolution
		Debug|Any CPU = Debug|Any CPU
		Release|Any CPU = Release|Any CPU
	EndGlobalSection
	GlobalSection(ProjectConfigurationPlatforms) = postSolution
		{31BDC170-4D0B-44D8-8886-F88FB3811E41}.Debug|Any CPU.ActiveCfg = Debug|Any CPU
		{31BDC170-4D0B-44D8-8886-F88FB3811E41}.Debug|Any CPU.Build.0 = Debug|Any CPU
		{31BDC170-4D0B-44D8-8886-F88FB3811E41}.Release|Any CPU.ActiveCfg = Release|Any CPU
		{31BDC170-4D0B-44D8-8886-F88FB3811E41}.Release|Any CPU.Build.0 = Release|Any CPU
		{8EE28AC2-3D46-48FF-B923-DEB967037305}.Debug|Any CPU.ActiveCfg = Debug|Any CPU
		{8EE28AC2-3D46-48FF-B923-DEB967037305}.Debug|Any CPU.Build.0 = Debug|Any CPU
		{8EE28AC2-3D46-48FF-B923-DEB967037305}.Release|Any CPU.ActiveCfg = Release|Any CPU
		{8EE28AC2-3D46-48FF-B923-DEB967037305}.Release|Any CPU.Build.0 = Release|Any CPU
		{BDACF555-E3C1-446F-8D88-DFD667A807E2}.Debug|Any CPU.ActiveCfg = Debug|Any CPU
		{BDACF555-E3C1-446F-8D88-DFD667A807E2}.Debug|Any CPU.Build.0 = Debug|Any CPU
		{BDACF555-E3C1-446F-8D88-DFD667A807E2}.Release|Any CPU.ActiveCfg = Release|Any CPU
		{BDACF555-E3C1-446F-8D88-DFD667A807E2}.Release|Any CPU.Build.0 = Release|Any CPU
		{F038F174-CEBE-41B8-B6BC-EB89CF06FF5C}.Debug|Any CPU.ActiveCfg = Debug|Any CPU
		{F038F174-CEBE-41B8-B6BC-EB89CF06FF5C}.Debug|Any CPU.Build.0 = Debug|Any CPU
		{F038F174-CEBE-41B8-B6BC-EB89CF06FF5C}.Release|Any CPU.ActiveCfg = Release|Any CPU
		{F038F174-CEBE-41B8-B6BC-EB89CF06FF5C}.Release|Any CPU.Build.0 = Release|Any CPU
		{0588FCCC-6872-4419-99BE-5EA0BE4AF6B8}.Debug|Any CPU.ActiveCfg = Debug|Any CPU
		{0588FCCC-6872-4419-99BE-5EA0BE4AF6B8}.Debug|Any CPU.Build.0 = Debug|Any CPU
		{0588FCCC-6872-4419-99BE-5EA0BE4AF6B8}.Release|Any CPU.ActiveCfg = Release|Any CPU
		{0588FCCC-6872-4419-99BE-5EA0BE4AF6B8}.Release|Any CPU.Build.0 = Release|Any CPU
	EndGlobalSection
	GlobalSection(SolutionProperties) = preSolution
		HideSolutionNode = FALSE
	EndGlobalSection
	GlobalSection(NestedProjects) = preSolution
		{31BDC170-4D0B-44D8-8886-F88FB3811E41} = {3ED5665F-1D8D-4A20-9F2A-99F7641C108A}
		{8EE28AC2-3D46-48FF-B923-DEB967037305} = {3ED5665F-1D8D-4A20-9F2A-99F7641C108A}
		{BDACF555-E3C1-446F-8D88-DFD667A807E2} = {3ED5665F-1D8D-4A20-9F2A-99F7641C108A}
		{F038F174-CEBE-41B8-B6BC-EB89CF06FF5C} = {3ED5665F-1D8D-4A20-9F2A-99F7641C108A}
		{0588FCCC-6872-4419-99BE-5EA0BE4AF6B8} = {D0541948-4A04-4200-BA3B-1C416C045AE7}
	EndGlobalSection
EndGlobal
